// !$*UTF8*$!
{
	archiveVersion = 1;
	classes = {
	};
	objectVersion = 56;
	objects = {

/* Begin PBXBuildFile section */
		5F8AA3722C62D5BA001C6B92 /* WeatherApp.swift in Sources */ = {isa = PBXBuildFile; fileRef = 5F8AA3712C62D5BA001C6B92 /* WeatherApp.swift */; };
		5F8AA3742C62D5BA001C6B92 /* ContentView.swift in Sources */ = {isa = PBXBuildFile; fileRef = 5F8AA3732C62D5BA001C6B92 /* ContentView.swift */; };
		5F8AA3782C62D5BE001C6B92 /* Assets.xcassets in Resources */ = {isa = PBXBuildFile; fileRef = 5F8AA3772C62D5BE001C6B92 /* Assets.xcassets */; };
		5F8AA37B2C62D5BE001C6B92 /* Preview Assets.xcassets in Resources */ = {isa = PBXBuildFile; fileRef = 5F8AA37A2C62D5BE001C6B92 /* Preview Assets.xcassets */; };
		5F8AA3852C62D60C001C6B92 /* WeatherResponse.swift in Sources */ = {isa = PBXBuildFile; fileRef = 5F8AA3842C62D60C001C6B92 /* WeatherResponse.swift */; };
		5F8AA3872C62D681001C6B92 /* WeatherViewModel.swift in Sources */ = {isa = PBXBuildFile; fileRef = 5F8AA3862C62D681001C6B92 /* WeatherViewModel.swift */; };
		5F8AA3892C62D901001C6B92 /* WeatherView.swift in Sources */ = {isa = PBXBuildFile; fileRef = 5F8AA3882C62D901001C6B92 /* WeatherView.swift */; };
		5F8AA38E2C62DDCD001C6B92 /* AsyncImageView.swift in Sources */ = {isa = PBXBuildFile; fileRef = 5F8AA38D2C62DDCD001C6B92 /* AsyncImageView.swift */; };
		5F8AA3902C62E164001C6B92 /* config.swift in Sources */ = {isa = PBXBuildFile; fileRef = 5F8AA38F2C62E164001C6B92 /* config.swift */; };
		5F8AA3942C62E1D7001C6B92 /* Secrets.plist in Resources */ = {isa = PBXBuildFile; fileRef = 5F8AA3932C62E1D7001C6B92 /* Secrets.plist */; };
		5F8AA3982C62FB2C001C6B92 /* LocationManager.swift in Sources */ = {isa = PBXBuildFile; fileRef = 5F8AA3972C62FB2C001C6B92 /* LocationManager.swift */; };
		5F8AA3A12C632BC7001C6B92 /* WeatherDetailCard.swift in Sources */ = {isa = PBXBuildFile; fileRef = 5F8AA3A02C632BC7001C6B92 /* WeatherDetailCard.swift */; };
		5F8AA3A52C632C08001C6B92 /* WeatherDetailView.swift in Sources */ = {isa = PBXBuildFile; fileRef = 5F8AA3A42C632C08001C6B92 /* WeatherDetailView.swift */; };
		5F8AA3A72C635E2B001C6B92 /* Geo.swift in Sources */ = {isa = PBXBuildFile; fileRef = 5F8AA3A62C635E2B001C6B92 /* Geo.swift */; };
		5F8AA3AC2C67E1A6001C6B92 /* NetworkClient.swift in Sources */ = {isa = PBXBuildFile; fileRef = 5F8AA3AB2C67E1A6001C6B92 /* NetworkClient.swift */; };
		5F8AA3B02C67EC09001C6B92 /* constants.swift in Sources */ = {isa = PBXBuildFile; fileRef = 5F8AA3AF2C67EC09001C6B92 /* constants.swift */; };
/* End PBXBuildFile section */

/* Begin PBXFileReference section */
		5F8AA36E2C62D5BA001C6B92 /* WeatherApp.app */ = {isa = PBXFileReference; explicitFileType = wrapper.application; includeInIndex = 0; path = WeatherApp.app; sourceTree = BUILT_PRODUCTS_DIR; };
		5F8AA3712C62D5BA001C6B92 /* WeatherApp.swift */ = {isa = PBXFileReference; lastKnownFileType = sourcecode.swift; path = WeatherApp.swift; sourceTree = "<group>"; };
		5F8AA3732C62D5BA001C6B92 /* ContentView.swift */ = {isa = PBXFileReference; lastKnownFileType = sourcecode.swift; path = ContentView.swift; sourceTree = "<group>"; };
		5F8AA3772C62D5BE001C6B92 /* Assets.xcassets */ = {isa = PBXFileReference; lastKnownFileType = folder.assetcatalog; path = Assets.xcassets; sourceTree = "<group>"; };
		5F8AA37A2C62D5BE001C6B92 /* Preview Assets.xcassets */ = {isa = PBXFileReference; lastKnownFileType = folder.assetcatalog; path = "Preview Assets.xcassets"; sourceTree = "<group>"; };
		5F8AA3842C62D60C001C6B92 /* WeatherResponse.swift */ = {isa = PBXFileReference; lastKnownFileType = sourcecode.swift; path = WeatherResponse.swift; sourceTree = "<group>"; };
		5F8AA3862C62D681001C6B92 /* WeatherViewModel.swift */ = {isa = PBXFileReference; lastKnownFileType = sourcecode.swift; path = WeatherViewModel.swift; sourceTree = "<group>"; };
		5F8AA3882C62D901001C6B92 /* WeatherView.swift */ = {isa = PBXFileReference; lastKnownFileType = sourcecode.swift; path = WeatherView.swift; sourceTree = "<group>"; };
		5F8AA38D2C62DDCD001C6B92 /* AsyncImageView.swift */ = {isa = PBXFileReference; lastKnownFileType = sourcecode.swift; path = AsyncImageView.swift; sourceTree = "<group>"; };
		5F8AA38F2C62E164001C6B92 /* config.swift */ = {isa = PBXFileReference; lastKnownFileType = sourcecode.swift; path = config.swift; sourceTree = "<group>"; };
		5F8AA3932C62E1D7001C6B92 /* Secrets.plist */ = {isa = PBXFileReference; lastKnownFileType = text.plist.xml; path = Secrets.plist; sourceTree = "<group>"; };
		5F8AA3972C62FB2C001C6B92 /* LocationManager.swift */ = {isa = PBXFileReference; lastKnownFileType = sourcecode.swift; path = LocationManager.swift; sourceTree = "<group>"; };
		5F8AA39D2C62FF4A001C6B92 /* Info.plist */ = {isa = PBXFileReference; lastKnownFileType = text.plist; path = Info.plist; sourceTree = "<group>"; };
		5F8AA3A02C632BC7001C6B92 /* WeatherDetailCard.swift */ = {isa = PBXFileReference; lastKnownFileType = sourcecode.swift; path = WeatherDetailCard.swift; sourceTree = "<group>"; };
		5F8AA3A42C632C08001C6B92 /* WeatherDetailView.swift */ = {isa = PBXFileReference; lastKnownFileType = sourcecode.swift; path = WeatherDetailView.swift; sourceTree = "<group>"; };
		5F8AA3A62C635E2B001C6B92 /* Geo.swift */ = {isa = PBXFileReference; lastKnownFileType = sourcecode.swift; path = Geo.swift; sourceTree = "<group>"; };
		5F8AA3AB2C67E1A6001C6B92 /* NetworkClient.swift */ = {isa = PBXFileReference; lastKnownFileType = sourcecode.swift; path = NetworkClient.swift; sourceTree = "<group>"; };
		5F8AA3AF2C67EC09001C6B92 /* constants.swift */ = {isa = PBXFileReference; lastKnownFileType = sourcecode.swift; path = constants.swift; sourceTree = "<group>"; };
/* End PBXFileReference section */

/* Begin PBXFrameworksBuildPhase section */
		5F8AA36B2C62D5BA001C6B92 /* Frameworks */ = {
			isa = PBXFrameworksBuildPhase;
			buildActionMask = 2147483647;
			files = (
			);
			runOnlyForDeploymentPostprocessing = 0;
		};
/* End PBXFrameworksBuildPhase section */

/* Begin PBXGroup section */
		5F8AA3652C62D5BA001C6B92 = {
			isa = PBXGroup;
			children = (
				5F8AA3702C62D5BA001C6B92 /* WeatherApp */,
				5F8AA36F2C62D5BA001C6B92 /* Products */,
			);
			sourceTree = "<group>";
		};
		5F8AA36F2C62D5BA001C6B92 /* Products */ = {
			isa = PBXGroup;
			children = (
				5F8AA36E2C62D5BA001C6B92 /* WeatherApp.app */,
			);
			name = Products;
			sourceTree = "<group>";
		};
		5F8AA3702C62D5BA001C6B92 /* WeatherApp */ = {
			isa = PBXGroup;
			children = (
				5F8AA39D2C62FF4A001C6B92 /* Info.plist */,
				5F8AA3712C62D5BA001C6B92 /* WeatherApp.swift */,
				5F8AA3732C62D5BA001C6B92 /* ContentView.swift */,
				5F8AA3AA2C67E195001C6B92 /* core */,
				5F8AA3812C62D5ED001C6B92 /* Model */,
				5F8AA3832C62D5F8001C6B92 /* View */,
				5F8AA3822C62D5F1001C6B92 /* ViewModel */,
				5F8AA38A2C62DC78001C6B92 /* utils */,
				5F8AA3772C62D5BE001C6B92 /* Assets.xcassets */,
				5F8AA3792C62D5BE001C6B92 /* Preview Content */,
				5F8AA3932C62E1D7001C6B92 /* Secrets.plist */,
			);
			path = WeatherApp;
			sourceTree = "<group>";
		};
		5F8AA3792C62D5BE001C6B92 /* Preview Content */ = {
			isa = PBXGroup;
			children = (
				5F8AA37A2C62D5BE001C6B92 /* Preview Assets.xcassets */,
			);
			path = "Preview Content";
			sourceTree = "<group>";
		};
		5F8AA3812C62D5ED001C6B92 /* Model */ = {
			isa = PBXGroup;
			children = (
				5F8AA3842C62D60C001C6B92 /* WeatherResponse.swift */,
				5F8AA3A62C635E2B001C6B92 /* Geo.swift */,
			);
			path = Model;
			sourceTree = "<group>";
		};
		5F8AA3822C62D5F1001C6B92 /* ViewModel */ = {
			isa = PBXGroup;
			children = (
				5F8AA3862C62D681001C6B92 /* WeatherViewModel.swift */,
			);
			path = ViewModel;
			sourceTree = "<group>";
		};
		5F8AA3832C62D5F8001C6B92 /* View */ = {
			isa = PBXGroup;
			children = (
				5F8AA3A32C632BE5001C6B92 /* common */,
				5F8AA3A22C632BE0001C6B92 /* weather */,
			);
			path = View;
			sourceTree = "<group>";
		};
		5F8AA38A2C62DC78001C6B92 /* utils */ = {
			isa = PBXGroup;
			children = (
				5F8AA38F2C62E164001C6B92 /* config.swift */,
				5F8AA3AF2C67EC09001C6B92 /* constants.swift */,
			);
			path = utils;
			sourceTree = "<group>";
		};
		5F8AA3A22C632BE0001C6B92 /* weather */ = {
			isa = PBXGroup;
			children = (
				5F8AA3882C62D901001C6B92 /* WeatherView.swift */,
				5F8AA3A02C632BC7001C6B92 /* WeatherDetailCard.swift */,
				5F8AA3A42C632C08001C6B92 /* WeatherDetailView.swift */,
			);
			path = weather;
			sourceTree = "<group>";
		};
		5F8AA3A32C632BE5001C6B92 /* common */ = {
			isa = PBXGroup;
			children = (
				5F8AA38D2C62DDCD001C6B92 /* AsyncImageView.swift */,
			);
			path = common;
			sourceTree = "<group>";
		};
		5F8AA3AA2C67E195001C6B92 /* core */ = {
			isa = PBXGroup;
			children = (
				5F8AA3AB2C67E1A6001C6B92 /* NetworkClient.swift */,
				5F8AA3972C62FB2C001C6B92 /* LocationManager.swift */,
			);
			path = core;
			sourceTree = "<group>";
		};
/* End PBXGroup section */

/* Begin PBXNativeTarget section */
		5F8AA36D2C62D5BA001C6B92 /* WeatherApp */ = {
			isa = PBXNativeTarget;
			buildConfigurationList = 5F8AA37E2C62D5BE001C6B92 /* Build configuration list for PBXNativeTarget "WeatherApp" */;
			buildPhases = (
				5F8AA36A2C62D5BA001C6B92 /* Sources */,
				5F8AA36B2C62D5BA001C6B92 /* Frameworks */,
				5F8AA36C2C62D5BA001C6B92 /* Resources */,
			);
			buildRules = (
			);
			dependencies = (
			);
			name = WeatherApp;
			productName = WeatherApp;
			productReference = 5F8AA36E2C62D5BA001C6B92 /* WeatherApp.app */;
			productType = "com.apple.product-type.application";
		};
/* End PBXNativeTarget section */

/* Begin PBXProject section */
		5F8AA3662C62D5BA001C6B92 /* Project object */ = {
			isa = PBXProject;
			attributes = {
				BuildIndependentTargetsInParallel = 1;
				LastSwiftUpdateCheck = 1540;
				LastUpgradeCheck = 1540;
				TargetAttributes = {
					5F8AA36D2C62D5BA001C6B92 = {
						CreatedOnToolsVersion = 15.4;
					};
				};
			};
			buildConfigurationList = 5F8AA3692C62D5BA001C6B92 /* Build configuration list for PBXProject "WeatherApp" */;
			compatibilityVersion = "Xcode 14.0";
			developmentRegion = en;
			hasScannedForEncodings = 0;
			knownRegions = (
				en,
				Base,
			);
			mainGroup = 5F8AA3652C62D5BA001C6B92;
			productRefGroup = 5F8AA36F2C62D5BA001C6B92 /* Products */;
			projectDirPath = "";
			projectRoot = "";
			targets = (
				5F8AA36D2C62D5BA001C6B92 /* WeatherApp */,
			);
		};
/* End PBXProject section */

/* Begin PBXResourcesBuildPhase section */
		5F8AA36C2C62D5BA001C6B92 /* Resources */ = {
			isa = PBXResourcesBuildPhase;
			buildActionMask = 2147483647;
			files = (
				5F8AA37B2C62D5BE001C6B92 /* Preview Assets.xcassets in Resources */,
				5F8AA3942C62E1D7001C6B92 /* Secrets.plist in Resources */,
				5F8AA3782C62D5BE001C6B92 /* Assets.xcassets in Resources */,
			);
			runOnlyForDeploymentPostprocessing = 0;
		};
/* End PBXResourcesBuildPhase section */

/* Begin PBXSourcesBuildPhase section */
		5F8AA36A2C62D5BA001C6B92 /* Sources */ = {
			isa = PBXSourcesBuildPhase;
			buildActionMask = 2147483647;
			files = (
				5F8AA3A52C632C08001C6B92 /* WeatherDetailView.swift in Sources */,
				5F8AA3872C62D681001C6B92 /* WeatherViewModel.swift in Sources */,
				5F8AA3852C62D60C001C6B92 /* WeatherResponse.swift in Sources */,
				5F8AA3AC2C67E1A6001C6B92 /* NetworkClient.swift in Sources */,
				5F8AA3742C62D5BA001C6B92 /* ContentView.swift in Sources */,
				5F8AA3A12C632BC7001C6B92 /* WeatherDetailCard.swift in Sources */,
				5F8AA3B02C67EC09001C6B92 /* constants.swift in Sources */,
				5F8AA3982C62FB2C001C6B92 /* LocationManager.swift in Sources */,
				5F8AA3892C62D901001C6B92 /* WeatherView.swift in Sources */,
				5F8AA3A72C635E2B001C6B92 /* Geo.swift in Sources */,
				5F8AA38E2C62DDCD001C6B92 /* AsyncImageView.swift in Sources */,
				5F8AA3902C62E164001C6B92 /* config.swift in Sources */,
				5F8AA3722C62D5BA001C6B92 /* WeatherApp.swift in Sources */,
			);
			runOnlyForDeploymentPostprocessing = 0;
		};
/* End PBXSourcesBuildPhase section */

/* Begin XCBuildConfiguration section */
		5F8AA37C2C62D5BE001C6B92 /* Debug */ = {
			isa = XCBuildConfiguration;
			buildSettings = {
				ALWAYS_SEARCH_USER_PATHS = NO;
				ASSETCATALOG_COMPILER_GENERATE_SWIFT_ASSET_SYMBOL_EXTENSIONS = YES;
				CLANG_ANALYZER_NONNULL = YES;
				CLANG_ANALYZER_NUMBER_OBJECT_CONVERSION = YES_AGGRESSIVE;
				CLANG_CXX_LANGUAGE_STANDARD = "gnu++20";
				CLANG_ENABLE_MODULES = YES;
				CLANG_ENABLE_OBJC_ARC = YES;
				CLANG_ENABLE_OBJC_WEAK = YES;
				CLANG_WARN_BLOCK_CAPTURE_AUTORELEASING = YES;
				CLANG_WARN_BOOL_CONVERSION = YES;
				CLANG_WARN_COMMA = YES;
				CLANG_WARN_CONSTANT_CONVERSION = YES;
				CLANG_WARN_DEPRECATED_OBJC_IMPLEMENTATIONS = YES;
				CLANG_WARN_DIRECT_OBJC_ISA_USAGE = YES_ERROR;
				CLANG_WARN_DOCUMENTATION_COMMENTS = YES;
				CLANG_WARN_EMPTY_BODY = YES;
				CLANG_WARN_ENUM_CONVERSION = YES;
				CLANG_WARN_INFINITE_RECURSION = YES;
				CLANG_WARN_INT_CONVERSION = YES;
				CLANG_WARN_NON_LITERAL_NULL_CONVERSION = YES;
				CLANG_WARN_OBJC_IMPLICIT_RETAIN_SELF = YES;
				CLANG_WARN_OBJC_LITERAL_CONVERSION = YES;
				CLANG_WARN_OBJC_ROOT_CLASS = YES_ERROR;
				CLANG_WARN_QUOTED_INCLUDE_IN_FRAMEWORK_HEADER = YES;
				CLANG_WARN_RANGE_LOOP_ANALYSIS = YES;
				CLANG_WARN_STRICT_PROTOTYPES = YES;
				CLANG_WARN_SUSPICIOUS_MOVE = YES;
				CLANG_WARN_UNGUARDED_AVAILABILITY = YES_AGGRESSIVE;
				CLANG_WARN_UNREACHABLE_CODE = YES;
				CLANG_WARN__DUPLICATE_METHOD_MATCH = YES;
				COPY_PHASE_STRIP = NO;
				DEBUG_INFORMATION_FORMAT = dwarf;
				ENABLE_STRICT_OBJC_MSGSEND = YES;
				ENABLE_TESTABILITY = YES;
				ENABLE_USER_SCRIPT_SANDBOXING = YES;
				GCC_C_LANGUAGE_STANDARD = gnu17;
				GCC_DYNAMIC_NO_PIC = NO;
				GCC_NO_COMMON_BLOCKS = YES;
				GCC_OPTIMIZATION_LEVEL = 0;
				GCC_PREPROCESSOR_DEFINITIONS = (
					"DEBUG=1",
					"$(inherited)",
				);
				GCC_WARN_64_TO_32_BIT_CONVERSION = YES;
				GCC_WARN_ABOUT_RETURN_TYPE = YES_ERROR;
				GCC_WARN_UNDECLARED_SELECTOR = YES;
				GCC_WARN_UNINITIALIZED_AUTOS = YES_AGGRESSIVE;
				GCC_WARN_UNUSED_FUNCTION = YES;
				GCC_WARN_UNUSED_VARIABLE = YES;
				IPHONEOS_DEPLOYMENT_TARGET = 17.5;
				LOCALIZATION_PREFERS_STRING_CATALOGS = YES;
				MTL_ENABLE_DEBUG_INFO = INCLUDE_SOURCE;
				MTL_FAST_MATH = YES;
				ONLY_ACTIVE_ARCH = YES;
				SDKROOT = iphoneos;
				SWIFT_ACTIVE_COMPILATION_CONDITIONS = "DEBUG $(inherited)";
				SWIFT_OPTIMIZATION_LEVEL = "-Onone";
			};
			name = Debug;
		};
		5F8AA37D2C62D5BE001C6B92 /* Release */ = {
			isa = XCBuildConfiguration;
			buildSettings = {
				ALWAYS_SEARCH_USER_PATHS = NO;
				ASSETCATALOG_COMPILER_GENERATE_SWIFT_ASSET_SYMBOL_EXTENSIONS = YES;
				CLANG_ANALYZER_NONNULL = YES;
				CLANG_ANALYZER_NUMBER_OBJECT_CONVERSION = YES_AGGRESSIVE;
				CLANG_CXX_LANGUAGE_STANDARD = "gnu++20";
				CLANG_ENABLE_MODULES = YES;
				CLANG_ENABLE_OBJC_ARC = YES;
				CLANG_ENABLE_OBJC_WEAK = YES;
				CLANG_WARN_BLOCK_CAPTURE_AUTORELEASING = YES;
				CLANG_WARN_BOOL_CONVERSION = YES;
				CLANG_WARN_COMMA = YES;
				CLANG_WARN_CONSTANT_CONVERSION = YES;
				CLANG_WARN_DEPRECATED_OBJC_IMPLEMENTATIONS = YES;
				CLANG_WARN_DIRECT_OBJC_ISA_USAGE = YES_ERROR;
				CLANG_WARN_DOCUMENTATION_COMMENTS = YES;
				CLANG_WARN_EMPTY_BODY = YES;
				CLANG_WARN_ENUM_CONVERSION = YES;
				CLANG_WARN_INFINITE_RECURSION = YES;
				CLANG_WARN_INT_CONVERSION = YES;
				CLANG_WARN_NON_LITERAL_NULL_CONVERSION = YES;
				CLANG_WARN_OBJC_IMPLICIT_RETAIN_SELF = YES;
				CLANG_WARN_OBJC_LITERAL_CONVERSION = YES;
				CLANG_WARN_OBJC_ROOT_CLASS = YES_ERROR;
				CLANG_WARN_QUOTED_INCLUDE_IN_FRAMEWORK_HEADER = YES;
				CLANG_WARN_RANGE_LOOP_ANALYSIS = YES;
				CLANG_WARN_STRICT_PROTOTYPES = YES;
				CLANG_WARN_SUSPICIOUS_MOVE = YES;
				CLANG_WARN_UNGUARDED_AVAILABILITY = YES_AGGRESSIVE;
				CLANG_WARN_UNREACHABLE_CODE = YES;
				CLANG_WARN__DUPLICATE_METHOD_MATCH = YES;
				COPY_PHASE_STRIP = NO;
				DEBUG_INFORMATION_FORMAT = "dwarf-with-dsym";
				ENABLE_NS_ASSERTIONS = NO;
				ENABLE_STRICT_OBJC_MSGSEND = YES;
				ENABLE_USER_SCRIPT_SANDBOXING = YES;
				GCC_C_LANGUAGE_STANDARD = gnu17;
				GCC_NO_COMMON_BLOCKS = YES;
				GCC_WARN_64_TO_32_BIT_CONVERSION = YES;
				GCC_WARN_ABOUT_RETURN_TYPE = YES_ERROR;
				GCC_WARN_UNDECLARED_SELECTOR = YES;
				GCC_WARN_UNINITIALIZED_AUTOS = YES_AGGRESSIVE;
				GCC_WARN_UNUSED_FUNCTION = YES;
				GCC_WARN_UNUSED_VARIABLE = YES;
				IPHONEOS_DEPLOYMENT_TARGET = 17.5;
				LOCALIZATION_PREFERS_STRING_CATALOGS = YES;
				MTL_ENABLE_DEBUG_INFO = NO;
				MTL_FAST_MATH = YES;
				SDKROOT = iphoneos;
				SWIFT_COMPILATION_MODE = wholemodule;
				VALIDATE_PRODUCT = YES;
			};
			name = Release;
		};
		5F8AA37F2C62D5BE001C6B92 /* Debug */ = {
			isa = XCBuildConfiguration;
			buildSettings = {
				ASSETCATALOG_COMPILER_APPICON_NAME = AppIcon;
				ASSETCATALOG_COMPILER_GLOBAL_ACCENT_COLOR_NAME = AccentColor;
				CODE_SIGN_STYLE = Automatic;
				CURRENT_PROJECT_VERSION = 1;
				DEVELOPMENT_ASSET_PATHS = "\"WeatherApp/Preview Content\"";
				DEVELOPMENT_TEAM = 2CX2A263X7;
				ENABLE_PREVIEWS = YES;
				GENERATE_INFOPLIST_FILE = YES;
				INFOPLIST_FILE = WeatherApp/Info.plist;
				INFOPLIST_KEY_NSLocationAlwaysAndWhenInUseUsageDescription = "We need your location to provide the weather for your current location.";
				INFOPLIST_KEY_NSLocationAlwaysUsageDescription = "We need your location to provide the weather for your current location.";
				INFOPLIST_KEY_NSLocationUsageDescription = "We need your location to provide the weather for your current location.";
				INFOPLIST_KEY_NSLocationWhenInUseUsageDescription = "We need your location to provide the weather for your current location.";
				INFOPLIST_KEY_UIApplicationSceneManifest_Generation = YES;
				INFOPLIST_KEY_UIApplicationSupportsIndirectInputEvents = YES;
				INFOPLIST_KEY_UILaunchScreen_Generation = YES;
				INFOPLIST_KEY_UISupportedInterfaceOrientations = UIInterfaceOrientationPortrait;
				IPHONEOS_DEPLOYMENT_TARGET = 17.0;
				LD_RUNPATH_SEARCH_PATHS = (
					"$(inherited)",
					"@executable_path/Frameworks",
				);
				MARKETING_VERSION = 1.0;
				PRODUCT_BUNDLE_IDENTIFIER = com.metashark.challenge.WeatherApp;
				PRODUCT_NAME = "$(TARGET_NAME)";
				SWIFT_EMIT_LOC_STRINGS = YES;
				SWIFT_VERSION = 5.0;
				TARGETED_DEVICE_FAMILY = "1,2";
			};
			name = Debug;
		};
		5F8AA3802C62D5BE001C6B92 /* Release */ = {
			isa = XCBuildConfiguration;
			buildSettings = {
				ASSETCATALOG_COMPILER_APPICON_NAME = AppIcon;
				ASSETCATALOG_COMPILER_GLOBAL_ACCENT_COLOR_NAME = AccentColor;
				CODE_SIGN_STYLE = Automatic;
				CURRENT_PROJECT_VERSION = 1;
				DEVELOPMENT_ASSET_PATHS = "\"WeatherApp/Preview Content\"";
				DEVELOPMENT_TEAM = 2CX2A263X7;
				ENABLE_PREVIEWS = YES;
				GENERATE_INFOPLIST_FILE = YES;
				INFOPLIST_FILE = WeatherApp/Info.plist;
				INFOPLIST_KEY_NSLocationAlwaysAndWhenInUseUsageDescription = "We need your location to provide the weather for your current location.";
				INFOPLIST_KEY_NSLocationAlwaysUsageDescription = "We need your location to provide the weather for your current location.";
				INFOPLIST_KEY_NSLocationUsageDescription = "We need your location to provide the weather for your current location.";
				INFOPLIST_KEY_NSLocationWhenInUseUsageDescription = "We need your location to provide the weather for your current location.";
				INFOPLIST_KEY_UIApplicationSceneManifest_Generation = YES;
				INFOPLIST_KEY_UIApplicationSupportsIndirectInputEvents = YES;
				INFOPLIST_KEY_UILaunchScreen_Generation = YES;
				INFOPLIST_KEY_UISupportedInterfaceOrientations = UIInterfaceOrientationPortrait;
				IPHONEOS_DEPLOYMENT_TARGET = 17.0;
				LD_RUNPATH_SEARCH_PATHS = (
					"$(inherited)",
					"@executable_path/Frameworks",
				);
				MARKETING_VERSION = 1.0;
				PRODUCT_BUNDLE_IDENTIFIER = com.metashark.challenge.WeatherApp;
				PRODUCT_NAME = "$(TARGET_NAME)";
				SWIFT_EMIT_LOC_STRINGS = YES;
				SWIFT_VERSION = 5.0;
				TARGETED_DEVICE_FAMILY = "1,2";
			};
			name = Release;
		};
/* End XCBuildConfiguration section */

/* Begin XCConfigurationList section */
		5F8AA3692C62D5BA001C6B92 /* Build configuration list for PBXProject "WeatherApp" */ = {
			isa = XCConfigurationList;
			buildConfigurations = (
				5F8AA37C2C62D5BE001C6B92 /* Debug */,
				5F8AA37D2C62D5BE001C6B92 /* Release */,
			);
			defaultConfigurationIsVisible = 0;
			defaultConfigurationName = Release;
		};
		5F8AA37E2C62D5BE001C6B92 /* Build configuration list for PBXNativeTarget "WeatherApp" */ = {
			isa = XCConfigurationList;
			buildConfigurations = (
				5F8AA37F2C62D5BE001C6B92 /* Debug */,
				5F8AA3802C62D5BE001C6B92 /* Release */,
			);
			defaultConfigurationIsVisible = 0;
			defaultConfigurationName = Release;
		};
/* End XCConfigurationList section */
	};
	rootObject = 5F8AA3662C62D5BA001C6B92 /* Project object */;
}
